
Microsoft Visual Studio Solution File, Format Version 12.00
# Visual Studio 15
VisualStudioVersion = 15.0.27130.2010
MinimumVisualStudioVersion = 10.0.40219.1
Project("{FAE04EC0-301F-11D3-BF4B-00C04F79EFBC}") = "ContosoWeb", "ContosoWeb\ContosoWeb.csproj", "{A8707AE0-C688-49B7-9DD6-A63191B6F1BF}"
EndProject
Project("{FAE04EC0-301F-11D3-BF4B-00C04F79EFBC}") = "ContosoWeb.Tests", "ContosoWeb.Tests\ContosoWeb.Tests.csproj", "{9F9D7C58-DCAE-40AA-8EB9-70F2FD8EBACF}"
EndProject
Project("{FAE04EC0-301F-11D3-BF4B-00C04F79EFBC}") = "Contoso.Data", "Contoso.Data\Contoso.Data.csproj", "{E5D966ED-321D-4C6C-959A-CF07A1F6D6F2}"
EndProject
Project("{FAE04EC0-301F-11D3-BF4B-00C04F79EFBC}") = "Contoso.Model", "Contoso.Model\Contoso.Model.csproj", "{A4E70BC1-2E50-4E19-A49C-60535F60E040}"
EndProject
Project("{FAE04EC0-301F-11D3-BF4B-00C04F79EFBC}") = "Contoso.Service", "Contoso.Service\Contoso.Service.csproj", "{D5D092FD-4A97-4CDF-BA40-F89F8E548872}"
EndProject
Global
	GlobalSection(SolutionConfigurationPlatforms) = preSolution
		Debug|Any CPU = Debug|Any CPU
		Release|Any CPU = Release|Any CPU
	EndGlobalSection
	GlobalSection(ProjectConfigurationPlatforms) = postSolution
		{A8707AE0-C688-49B7-9DD6-A63191B6F1BF}.Debug|Any CPU.ActiveCfg = Debug|Any CPU
		{A8707AE0-C688-49B7-9DD6-A63191B6F1BF}.Debug|Any CPU.Build.0 = Debug|Any CPU
		{A8707AE0-C688-49B7-9DD6-A63191B6F1BF}.Release|Any CPU.ActiveCfg = Release|Any CPU
		{A8707AE0-C688-49B7-9DD6-A63191B6F1BF}.Release|Any CPU.Build.0 = Release|Any CPU
		{9F9D7C58-DCAE-40AA-8EB9-70F2FD8EBACF}.Debug|Any CPU.ActiveCfg = Debug|Any CPU
		{9F9D7C58-DCAE-40AA-8EB9-70F2FD8EBACF}.Debug|Any CPU.Build.0 = Debug|Any CPU
		{9F9D7C58-DCAE-40AA-8EB9-70F2FD8EBACF}.Release|Any CPU.ActiveCfg = Release|Any CPU
		{9F9D7C58-DCAE-40AA-8EB9-70F2FD8EBACF}.Release|Any CPU.Build.0 = Release|Any CPU
		{E5D966ED-321D-4C6C-959A-CF07A1F6D6F2}.Debug|Any CPU.ActiveCfg = Debug|Any CPU
		{E5D966ED-321D-4C6C-959A-CF07A1F6D6F2}.Debug|Any CPU.Build.0 = Debug|Any CPU
		{E5D966ED-321D-4C6C-959A-CF07A1F6D6F2}.Release|Any CPU.ActiveCfg = Release|Any CPU
		{E5D966ED-321D-4C6C-959A-CF07A1F6D6F2}.Release|Any CPU.Build.0 = Release|Any CPU
		{A4E70BC1-2E50-4E19-A49C-60535F60E040}.Debug|Any CPU.ActiveCfg = Debug|Any CPU
		{A4E70BC1-2E50-4E19-A49C-60535F60E040}.Debug|Any CPU.Build.0 = Debug|Any CPU
		{A4E70BC1-2E50-4E19-A49C-60535F60E040}.Release|Any CPU.ActiveCfg = Release|Any CPU
		{A4E70BC1-2E50-4E19-A49C-60535F60E040}.Release|Any CPU.Build.0 = Release|Any CPU
		{D5D092FD-4A97-4CDF-BA40-F89F8E548872}.Debug|Any CPU.ActiveCfg = Debug|Any CPU
		{D5D092FD-4A97-4CDF-BA40-F89F8E548872}.Debug|Any CPU.Build.0 = Debug|Any CPU
		{D5D092FD-4A97-4CDF-BA40-F89F8E548872}.Release|Any CPU.ActiveCfg = Release|Any CPU
		{D5D092FD-4A97-4CDF-BA40-F89F8E548872}.Release|Any CPU.Build.0 = Release|Any CPU
	EndGlobalSection
	GlobalSection(SolutionProperties) = preSolution
		HideSolutionNode = FALSE
	EndGlobalSection
	GlobalSection(ExtensibilityGlobals) = postSolution
		SolutionGuid = {6F827981-AB71-446F-B220-33428936F2B7}
	EndGlobalSection
EndGlobal
